
Microsoft Visual Studio Solution File, Format Version 12.00
# Visual Studio Version 16
VisualStudioVersion = 16.0.30406.217
MinimumVisualStudioVersion = 10.0.40219.1
Project("{FAE04EC0-301F-11D3-BF4B-00C04F79EFBC}") = "CapitalStock", "CapitalStock\CapitalStock.csproj", "{74342EAF-4551-4F19-9CAB-28D4CFEA6592}"
EndProject
Global
	GlobalSection(SolutionConfigurationPlatforms) = preSolution
		Debug|Any CPU = Debug|Any CPU
		Release|Any CPU = Release|Any CPU
	EndGlobalSection
	GlobalSection(ProjectConfigurationPlatforms) = postSolution
		{74342EAF-4551-4F19-9CAB-28D4CFEA6592}.Debug|Any CPU.ActiveCfg = Debug|Any CPU
		{74342EAF-4551-4F19-9CAB-28D4CFEA6592}.Debug|Any CPU.Build.0 = Debug|Any CPU
		{74342EAF-4551-4F19-9CAB-28D4CFEA6592}.Release|Any CPU.ActiveCfg = Release|Any CPU
		{74342EAF-4551-4F19-9CAB-28D4CFEA6592}.Release|Any CPU.Build.0 = Release|Any CPU
	EndGlobalSection
	GlobalSection(SolutionProperties) = preSolution
		HideSolutionNode = FALSE
	EndGlobalSection
	GlobalSection(ExtensibilityGlobals) = postSolution
		SolutionGuid = {3B9068FC-7E5B-4922-9126-A6966AF26C92}
	EndGlobalSection
EndGlobal
